{
  "version": 4,
  "terraform_version": "1.5.7",
  "serial": 214,
  "lineage": "65aa13cf-61a1-00de-d827-6b8538df5e29",
  "outputs": {},
  "resources": [
    {
      "mode": "data",
      "type": "yandex_vpc_network",
      "name": "default",
      "provider": "provider[\"registry.terraform.io/yandex-cloud/yandex\"]",
      "instances": [
        {
          "schema_version": 0,
          "attributes": {
            "created_at": "2025-12-16T21:39:00Z",
            "default_security_group_id": "enp0c2jb07lpkkh9d3lf",
            "description": "Auto-created network",
            "folder_id": "b1gpb55fm3qonqkrhnjd",
            "id": "enpf9acrmvm7lteraqfu",
            "labels": {},
            "name": "default",
            "network_id": "enpf9acrmvm7lteraqfu",
            "subnet_ids": [
              "e2lulhd7ilme1t8jcf70",
              "e9b9jrfqng1egor0qgja",
              "fl8j4lon0gaceb6cs57t",
              "fl8nh5hp9uludq4q60ht"
            ]
          },
          "sensitive_attributes": []
        }
      ]
    },
    {
      "mode": "managed",
      "type": "yandex_cm_certificate",
      "name": "devops-77-cm",
      "provider": "provider[\"registry.terraform.io/yandex-cloud/yandex\"]",
      "instances": [
        {
          "schema_version": 1,
          "attributes": {
            "challenges": [
              {
                "created_at": "2025-12-19T07:09:46Z",
                "dns_name": "_acme-challenge.ktarasenko.online.",
                "dns_type": "CNAME",
                "dns_value": "fpqt9gn3g0l76rbqa62f.cm.yandexcloud.net.",
                "domain": "ktarasenko.online",
                "http_content": "",
                "http_url": "",
                "message": "Create a record in your DNS provider.",
                "type": "DNS",
                "updated_at": "2025-12-19T07:16:13Z"
              }
            ],
            "created_at": "2025-12-19T07:09:46Z",
            "deletion_protection": false,
            "description": "",
            "domains": [
              "ktarasenko.online"
            ],
            "folder_id": "b1gpb55fm3qonqkrhnjd",
            "id": "fpqt9gn3g0l76rbqa62f",
            "issued_at": "2025-12-19T07:16:14Z",
            "issuer": "CN=R12,O=Let's Encrypt,C=US",
            "labels": {},
            "managed": [
              {
                "challenge_count": 0,
                "challenge_type": "DNS_CNAME"
              }
            ],
            "name": "devops-77-cm",
            "not_after": "2026-03-19T06:17:39Z",
            "not_before": "2025-12-19T06:17:40Z",
            "self_managed": [],
            "serial": "56617683c41b06e55630b181cf4b9c404db",
            "status": "ISSUED",
            "subject": "CN=ktarasenko.online",
            "timeouts": null,
            "type": "MANAGED",
            "updated_at": "2025-12-19T07:16:14Z"
          },
          "sensitive_attributes": [],
          "private": "eyJlMmJmYjczMC1lY2FhLTExZTYtOGY4OC0zNDM2M2JjN2M0YzAiOnsiY3JlYXRlIjo2MDAwMDAwMDAwMCwiZGVsZXRlIjo2MDAwMDAwMDAwMCwicmVhZCI6NjAwMDAwMDAwMDAsInVwZGF0ZSI6NjAwMDAwMDAwMDB9LCJzY2hlbWFfdmVyc2lvbiI6IjEifQ=="
        }
      ]
    },
    {
      "mode": "managed",
      "type": "yandex_compute_disk",
      "name": "disk-vm-1",
      "provider": "provider[\"registry.terraform.io/yandex-cloud/yandex\"]",
      "instances": [
        {
          "schema_version": 0,
          "attributes": {
            "allow_recreate": null,
            "block_size": 4096,
            "created_at": "2025-12-18T10:40:09Z",
            "description": "",
            "disk_placement_policy": [
              {
                "disk_placement_group_id": ""
              }
            ],
            "folder_id": "b1gpb55fm3qonqkrhnjd",
            "hardware_generation": [
              {
                "generation2_features": [],
                "legacy_features": [
                  {
                    "pci_topology": "PCI_TOPOLOGY_V2"
                  }
                ]
              }
            ],
            "id": "fv4b4kuufmhs4mlhnp60",
            "image_id": "fd8umfn3mighedglnjue",
            "kms_key_id": null,
            "labels": {},
            "name": "devops-77-disk-1",
            "product_ids": [
              "f2et22nge80bd0i3dnvd"
            ],
            "size": 10,
            "snapshot_id": "",
            "status": "ready",
            "timeouts": null,
            "type": "network-ssd",
            "zone": "ru-central1-d"
          },
          "sensitive_attributes": [],
          "private": "eyJlMmJmYjczMC1lY2FhLTExZTYtOGY4OC0zNDM2M2JjN2M0YzAiOnsiY3JlYXRlIjozMDAwMDAwMDAwMDAsImRlbGV0ZSI6MzAwMDAwMDAwMDAwLCJ1cGRhdGUiOjMwMDAwMDAwMDAwMH19"
        }
      ]
    },
    {
      "mode": "managed",
      "type": "yandex_compute_disk",
      "name": "disk-vm-2",
      "provider": "provider[\"registry.terraform.io/yandex-cloud/yandex\"]",
      "instances": [
        {
          "schema_version": 0,
          "attributes": {
            "allow_recreate": null,
            "block_size": 4096,
            "created_at": "2025-12-18T10:40:09Z",
            "description": "",
            "disk_placement_policy": [
              {
                "disk_placement_group_id": ""
              }
            ],
            "folder_id": "b1gpb55fm3qonqkrhnjd",
            "hardware_generation": [
              {
                "generation2_features": [],
                "legacy_features": [
                  {
                    "pci_topology": "PCI_TOPOLOGY_V2"
                  }
                ]
              }
            ],
            "id": "fv467lqmdv2hjkhtg2ml",
            "image_id": "fd8umfn3mighedglnjue",
            "kms_key_id": null,
            "labels": {},
            "name": "devops-77-disk-2",
            "product_ids": [
              "f2et22nge80bd0i3dnvd"
            ],
            "size": 10,
            "snapshot_id": "",
            "status": "ready",
            "timeouts": null,
            "type": "network-ssd",
            "zone": "ru-central1-d"
          },
          "sensitive_attributes": [],
          "private": "eyJlMmJmYjczMC1lY2FhLTExZTYtOGY4OC0zNDM2M2JjN2M0YzAiOnsiY3JlYXRlIjozMDAwMDAwMDAwMDAsImRlbGV0ZSI6MzAwMDAwMDAwMDAwLCJ1cGRhdGUiOjMwMDAwMDAwMDAwMH19"
        }
      ]
    },
    {
      "mode": "managed",
      "type": "yandex_compute_instance",
      "name": "devops-77-vm-1",
      "provider": "provider[\"registry.terraform.io/yandex-cloud/yandex\"]",
      "instances": [
        {
          "schema_version": 1,
          "attributes": {
            "allow_recreate": null,
            "allow_stopping_for_update": null,
            "boot_disk": [
              {
                "auto_delete": true,
                "device_name": "fv4b4kuufmhs4mlhnp60",
                "disk_id": "fv4b4kuufmhs4mlhnp60",
                "initialize_params": [
                  {
                    "block_size": 4096,
                    "description": "",
                    "image_id": "fd8umfn3mighedglnjue",
                    "kms_key_id": "",
                    "name": "devops-77-disk-1",
                    "size": 10,
                    "snapshot_id": "",
                    "type": "network-ssd"
                  }
                ],
                "mode": "READ_WRITE"
              }
            ],
            "created_at": "2025-12-18T10:40:19Z",
            "description": "",
            "filesystem": [],
            "folder_id": "b1gpb55fm3qonqkrhnjd",
            "fqdn": "fv42epp0k9aukqs5va6k.auto.internal",
            "gpu_cluster_id": "",
            "hardware_generation": [
              {
                "generation2_features": [],
                "legacy_features": [
                  {
                    "pci_topology": "PCI_TOPOLOGY_V2"
                  }
                ]
              }
            ],
            "hostname": "",
            "id": "fv42epp0k9aukqs5va6k",
            "labels": {},
            "local_disk": [],
            "maintenance_grace_period": "",
            "maintenance_policy": null,
            "metadata": {
              "user-data": "#cloud-config\ndatasource:\n  Ec2:\n    strict_id: false\nssh_pwauth: no\nusers:\n  - name: kirillt\n    sudo: ALL=(ALL) NOPASSWD:ALL\n    shell: /bin/bash\n    ssh_authorized_keys:\n      - ssh-rsa AAAAB3NzaC1yc2EAAAADAQABAAABAQC4nihK5/raAG0ag1LUo1q0OD9fNTTJtI1EIy3tfVvi0vaWZrJaMV4TASd3J8zzxJAc6ygylgnUmRp7bf2lt2Gh0g/gZOApMrrRMOBbvRKk6Vodb9O1YEgaGkcISvR84dwFM5t9TFnXYeTvINBloNJ+8Ak3kpHmWaqicJRIxAlUMtPA8ZhwkYyZ37dz0OyhuEcD9ZZkbR+iXdcLChBqfGC2xA4WBEXnnd/s0QXqpWFhmjho6VK1K3dGKvZ7szkYZ1hUMZ154phSAI6+iFCD62k6jiESpTf2CwBa+mVNyh3vat87ca6hT47daGuFrK0Nt8W9v0MtrOJIx8yl0TlQCF0x\npackages:\n  - python3\n  - python3-venv\n  - python3-pip\n  - python3-distutils\n"
            },
            "metadata_options": [
              {
                "aws_v1_http_endpoint": 1,
                "aws_v1_http_token": 2,
                "gce_http_endpoint": 1,
                "gce_http_token": 1
              }
            ],
            "name": "devops-77-vm-1",
            "network_acceleration_type": "standard",
            "network_interface": [
              {
                "dns_record": [],
                "index": 0,
                "ip_address": "10.0.0.23",
                "ipv4": true,
                "ipv6": false,
                "ipv6_address": "",
                "ipv6_dns_record": [],
                "mac_address": "d0:0d:27:67:20:a2",
                "nat": true,
                "nat_dns_record": [],
                "nat_ip_address": "158.160.202.186",
                "nat_ip_version": "IPV4",
                "security_group_ids": [],
                "subnet_id": "fl8j4lon0gaceb6cs57t"
              }
            ],
            "placement_policy": [
              {
                "host_affinity_rules": [],
                "placement_group_id": "",
                "placement_group_partition": 0
              }
            ],
            "platform_id": "standard-v3",
            "resources": [
              {
                "core_fraction": 100,
                "cores": 2,
                "gpus": 0,
                "memory": 2
              }
            ],
            "scheduling_policy": [
              {
                "preemptible": false
              }
            ],
            "secondary_disk": [],
            "service_account_id": "",
            "status": "running",
            "timeouts": null,
            "zone": "ru-central1-d"
          },
          "sensitive_attributes": [
            [
              {
                "type": "get_attr",
                "value": "metadata"
              },
              {
                "type": "index",
                "value": {
                  "value": "user-data",
                  "type": "string"
                }
              }
            ]
          ],
          "private": "eyJlMmJmYjczMC1lY2FhLTExZTYtOGY4OC0zNDM2M2JjN2M0YzAiOnsiY3JlYXRlIjozMDAwMDAwMDAwMDAsImRlbGV0ZSI6MzAwMDAwMDAwMDAwLCJ1cGRhdGUiOjMwMDAwMDAwMDAwMH0sInNjaGVtYV92ZXJzaW9uIjoiMSJ9",
          "dependencies": [
            "data.yandex_vpc_network.default",
            "yandex_compute_disk.disk-vm-1",
            "yandex_vpc_subnet.subnet-1"
          ]
        }
      ]
    },
    {
      "mode": "managed",
      "type": "yandex_compute_instance",
      "name": "devops-77-vm-2",
      "provider": "provider[\"registry.terraform.io/yandex-cloud/yandex\"]",
      "instances": [
        {
          "schema_version": 1,
          "attributes": {
            "allow_recreate": null,
            "allow_stopping_for_update": null,
            "boot_disk": [
              {
                "auto_delete": true,
                "device_name": "fv467lqmdv2hjkhtg2ml",
                "disk_id": "fv467lqmdv2hjkhtg2ml",
                "initialize_params": [
                  {
                    "block_size": 4096,
                    "description": "",
                    "image_id": "fd8umfn3mighedglnjue",
                    "kms_key_id": "",
                    "name": "devops-77-disk-2",
                    "size": 10,
                    "snapshot_id": "",
                    "type": "network-ssd"
                  }
                ],
                "mode": "READ_WRITE"
              }
            ],
            "created_at": "2025-12-18T10:40:21Z",
            "description": "",
            "filesystem": [],
            "folder_id": "b1gpb55fm3qonqkrhnjd",
            "fqdn": "fv4ti2jakuvufgtdfba2.auto.internal",
            "gpu_cluster_id": "",
            "hardware_generation": [
              {
                "generation2_features": [],
                "legacy_features": [
                  {
                    "pci_topology": "PCI_TOPOLOGY_V2"
                  }
                ]
              }
            ],
            "hostname": "",
            "id": "fv4ti2jakuvufgtdfba2",
            "labels": {},
            "local_disk": [],
            "maintenance_grace_period": "",
            "maintenance_policy": null,
            "metadata": {
              "user-data": "#cloud-config\ndatasource:\n  Ec2:\n    strict_id: false\nssh_pwauth: no\nusers:\n  - name: kirillt\n    sudo: ALL=(ALL) NOPASSWD:ALL\n    shell: /bin/bash\n    ssh_authorized_keys:\n      - ssh-rsa AAAAB3NzaC1yc2EAAAADAQABAAABAQC4nihK5/raAG0ag1LUo1q0OD9fNTTJtI1EIy3tfVvi0vaWZrJaMV4TASd3J8zzxJAc6ygylgnUmRp7bf2lt2Gh0g/gZOApMrrRMOBbvRKk6Vodb9O1YEgaGkcISvR84dwFM5t9TFnXYeTvINBloNJ+8Ak3kpHmWaqicJRIxAlUMtPA8ZhwkYyZ37dz0OyhuEcD9ZZkbR+iXdcLChBqfGC2xA4WBEXnnd/s0QXqpWFhmjho6VK1K3dGKvZ7szkYZ1hUMZ154phSAI6+iFCD62k6jiESpTf2CwBa+mVNyh3vat87ca6hT47daGuFrK0Nt8W9v0MtrOJIx8yl0TlQCF0x\npackages:\n  - python3.11\n  - python3.11-venv\n  - python3.11-pip\n  - python3.11-distutils\n"
            },
            "metadata_options": [
              {
                "aws_v1_http_endpoint": 1,
                "aws_v1_http_token": 2,
                "gce_http_endpoint": 1,
                "gce_http_token": 1
              }
            ],
            "name": "devops-77-vm-2",
            "network_acceleration_type": "standard",
            "network_interface": [
              {
                "dns_record": [],
                "index": 0,
                "ip_address": "10.0.0.14",
                "ipv4": true,
                "ipv6": false,
                "ipv6_address": "",
                "ipv6_dns_record": [],
                "mac_address": "d0:0d:1d:90:a6:aa",
                "nat": true,
                "nat_dns_record": [],
                "nat_ip_address": "158.160.202.242",
                "nat_ip_version": "IPV4",
                "security_group_ids": [],
                "subnet_id": "fl8j4lon0gaceb6cs57t"
              }
            ],
            "placement_policy": [
              {
                "host_affinity_rules": [],
                "placement_group_id": "",
                "placement_group_partition": 0
              }
            ],
            "platform_id": "standard-v3",
            "resources": [
              {
                "core_fraction": 100,
                "cores": 2,
                "gpus": 0,
                "memory": 2
              }
            ],
            "scheduling_policy": [
              {
                "preemptible": false
              }
            ],
            "secondary_disk": [],
            "service_account_id": "",
            "status": "running",
            "timeouts": null,
            "zone": "ru-central1-d"
          },
          "sensitive_attributes": [
            [
              {
                "type": "get_attr",
                "value": "metadata"
              },
              {
                "type": "index",
                "value": {
                  "value": "user-data",
                  "type": "string"
                }
              }
            ]
          ],
          "private": "eyJlMmJmYjczMC1lY2FhLTExZTYtOGY4OC0zNDM2M2JjN2M0YzAiOnsiY3JlYXRlIjozMDAwMDAwMDAwMDAsImRlbGV0ZSI6MzAwMDAwMDAwMDAwLCJ1cGRhdGUiOjMwMDAwMDAwMDAwMH0sInNjaGVtYV92ZXJzaW9uIjoiMSJ9",
          "dependencies": [
            "data.yandex_vpc_network.default",
            "yandex_compute_disk.disk-vm-2",
            "yandex_vpc_subnet.subnet-1"
          ]
        }
      ]
    },
    {
      "mode": "managed",
      "type": "yandex_dns_recordset",
      "name": "devops-77-a-record",
      "provider": "provider[\"registry.terraform.io/yandex-cloud/yandex\"]",
      "instances": [
        {
          "schema_version": 0,
          "attributes": {
            "data": [
              "158.160.216.152"
            ],
            "id": "dns1eq9njur0rnsrutuh/ktarasenko.online./A",
            "name": "ktarasenko.online.",
            "timeouts": null,
            "ttl": 300,
            "type": "A",
            "zone_id": "dns1eq9njur0rnsrutuh"
          },
          "sensitive_attributes": [],
          "private": "eyJlMmJmYjczMC1lY2FhLTExZTYtOGY4OC0zNDM2M2JjN2M0YzAiOnsiY3JlYXRlIjozMDAwMDAwMDAwMDAsImRlbGV0ZSI6MzAwMDAwMDAwMDAwLCJ1cGRhdGUiOjMwMDAwMDAwMDAwMH19",
          "dependencies": [
            "yandex_dns_zone.devops-77-zone",
            "yandex_vpc_address.devops-77-external-static-ip"
          ]
        }
      ]
    },
    {
      "mode": "managed",
      "type": "yandex_dns_recordset",
      "name": "devops-77-challenge",
      "provider": "provider[\"registry.terraform.io/yandex-cloud/yandex\"]",
      "instances": [
        {
          "schema_version": 0,
          "attributes": {
            "data": [
              "fpqt9gn3g0l76rbqa62f.cm.yandexcloud.net."
            ],
            "id": "dns1eq9njur0rnsrutuh/_acme-challenge.ktarasenko.online./CNAME",
            "name": "_acme-challenge.ktarasenko.online.",
            "timeouts": null,
            "ttl": 60,
            "type": "CNAME",
            "zone_id": "dns1eq9njur0rnsrutuh"
          },
          "sensitive_attributes": [],
          "private": "eyJlMmJmYjczMC1lY2FhLTExZTYtOGY4OC0zNDM2M2JjN2M0YzAiOnsiY3JlYXRlIjozMDAwMDAwMDAwMDAsImRlbGV0ZSI6MzAwMDAwMDAwMDAwLCJ1cGRhdGUiOjMwMDAwMDAwMDAwMH19",
          "dependencies": [
            "yandex_cm_certificate.devops-77-cm",
            "yandex_dns_zone.devops-77-zone"
          ]
        }
      ]
    },
    {
      "mode": "managed",
      "type": "yandex_dns_zone",
      "name": "devops-77-zone",
      "provider": "provider[\"registry.terraform.io/yandex-cloud/yandex\"]",
      "instances": [
        {
          "schema_version": 0,
          "attributes": {
            "created_at": "2025-12-18T12:19:49Z",
            "deletion_protection": false,
            "description": "",
            "folder_id": "b1gpb55fm3qonqkrhnjd",
            "id": "dns1eq9njur0rnsrutuh",
            "labels": {},
            "name": "devops-77-zone",
            "private_networks": [],
            "public": true,
            "timeouts": null,
            "zone": "ktarasenko.online."
          },
          "sensitive_attributes": [],
          "private": "eyJlMmJmYjczMC1lY2FhLTExZTYtOGY4OC0zNDM2M2JjN2M0YzAiOnsiY3JlYXRlIjozMDAwMDAwMDAwMDAsImRlbGV0ZSI6MzAwMDAwMDAwMDAwLCJ1cGRhdGUiOjMwMDAwMDAwMDAwMH19"
        }
      ]
    },
    {
      "mode": "managed",
      "type": "yandex_lb_network_load_balancer",
      "name": "devops-77-lb",
      "provider": "provider[\"registry.terraform.io/yandex-cloud/yandex\"]",
      "instances": [
        {
          "schema_version": 0,
          "attributes": {
            "allow_zonal_shift": false,
            "attached_target_group": [
              {
                "healthcheck": [
                  {
                    "healthy_threshold": 2,
                    "http_options": [
                      {
                        "path": "/",
                        "port": 8080
                      }
                    ],
                    "interval": 2,
                    "name": "devops-77-target-group-healthcheck",
                    "tcp_options": [],
                    "timeout": 1,
                    "unhealthy_threshold": 2
                  }
                ],
                "target_group_id": "enp03cqe3oauhf7q29tk"
              }
            ],
            "created_at": "2025-12-18T10:41:05Z",
            "deletion_protection": false,
            "description": "",
            "folder_id": "b1gpb55fm3qonqkrhnjd",
            "id": "enpjvdqpalbqp5bhqq9d",
            "labels": {},
            "listener": [
              {
                "external_address_spec": [
                  {
                    "address": "158.160.216.152",
                    "ip_version": "ipv4"
                  }
                ],
                "internal_address_spec": [],
                "name": "http-listener",
                "port": 80,
                "protocol": "tcp",
                "target_port": 8080
              },
              {
                "external_address_spec": [
                  {
                    "address": "158.160.216.152",
                    "ip_version": "ipv4"
                  }
                ],
                "internal_address_spec": [],
                "name": "https-listener",
                "port": 443,
                "protocol": "tcp",
                "target_port": 443
              }
            ],
            "name": "devops-77-lb",
            "region_id": "ru-central1",
            "timeouts": null,
            "type": "external"
          },
          "sensitive_attributes": [],
          "private": "eyJlMmJmYjczMC1lY2FhLTExZTYtOGY4OC0zNDM2M2JjN2M0YzAiOnsiY3JlYXRlIjozMDAwMDAwMDAwMDAsImRlbGV0ZSI6MzAwMDAwMDAwMDAwLCJ1cGRhdGUiOjMwMDAwMDAwMDAwMH19",
          "dependencies": [
            "yandex_lb_target_group.devops-77-target-group",
            "yandex_vpc_address.devops-77-external-static-ip"
          ]
        }
      ]
    },
    {
      "mode": "managed",
      "type": "yandex_lb_target_group",
      "name": "devops-77-target-group",
      "provider": "provider[\"registry.terraform.io/yandex-cloud/yandex\"]",
      "instances": [
        {
          "schema_version": 1,
          "attributes": {
            "created_at": "2025-12-18T10:41:04Z",
            "description": "",
            "folder_id": "b1gpb55fm3qonqkrhnjd",
            "id": "enp03cqe3oauhf7q29tk",
            "labels": null,
            "name": "devops-77-target-group",
            "region_id": "ru-central1",
            "target": [
              {
                "address": "10.0.0.14",
                "subnet_id": "fl8j4lon0gaceb6cs57t"
              },
              {
                "address": "10.0.0.23",
                "subnet_id": "fl8j4lon0gaceb6cs57t"
              }
            ],
            "target_group_id": "enp03cqe3oauhf7q29tk",
            "timeouts": null
          },
          "sensitive_attributes": [],
          "dependencies": [
            "data.yandex_vpc_network.default",
            "yandex_compute_disk.disk-vm-1",
            "yandex_compute_disk.disk-vm-2",
            "yandex_compute_instance.devops-77-vm-1",
            "yandex_compute_instance.devops-77-vm-2",
            "yandex_vpc_subnet.subnet-1"
          ]
        }
      ]
    },
    {
      "mode": "managed",
      "type": "yandex_mdb_postgresql_cluster",
      "name": "devops-77-postgresql-cluster",
      "provider": "provider[\"registry.terraform.io/yandex-cloud/yandex\"]",
      "instances": [
        {
          "schema_version": 0,
          "attributes": {
            "config": [
              {
                "access": [
                  {
                    "data_lens": false,
                    "data_transfer": false,
                    "serverless": false,
                    "web_sql": false
                  }
                ],
                "autofailover": true,
                "backup_retain_period_days": 7,
                "backup_window_start": [
                  {
                    "hours": 0,
                    "minutes": 0
                  }
                ],
                "disk_size_autoscaling": [
                  {
                    "disk_size_limit": 0,
                    "emergency_usage_threshold": 0,
                    "planned_usage_threshold": 0
                  }
                ],
                "performance_diagnostics": [
                  {
                    "enabled": false,
                    "sessions_sampling_interval": 60,
                    "statements_sampling_interval": 600
                  }
                ],
                "pooler_config": [],
                "postgresql_config": {
                  "autovacuum_vacuum_scale_factor": "0.34",
                  "enable_parallel_hash": "true",
                  "max_connections": "395",
                  "shared_preload_libraries": "SHARED_PRELOAD_LIBRARIES_UNSPECIFIED"
                },
                "resources": [
                  {
                    "disk_size": 16,
                    "disk_type_id": "network-ssd",
                    "resource_preset_id": "s2.micro"
                  }
                ],
                "version": "15"
              }
            ],
            "created_at": "2025-12-18T10:26:54Z",
            "database": [],
            "deletion_protection": false,
            "description": "",
            "disk_encryption_key_id": null,
            "environment": "PRESTABLE",
            "folder_id": "b1gpb55fm3qonqkrhnjd",
            "health": "ALIVE",
            "host": [
              {
                "assign_public_ip": false,
                "fqdn": "rc1d-ht7c2doa8a16ps7s.mdb.yandexcloud.net",
                "name": "",
                "priority": 0,
                "replication_source": "",
                "replication_source_name": "",
                "role": "MASTER",
                "subnet_id": "fl8j4lon0gaceb6cs57t",
                "zone": "ru-central1-d"
              }
            ],
            "host_group_ids": [],
            "host_master_name": "",
            "id": "c9qd6rrfc3ftgiq85fmq",
            "labels": {},
            "maintenance_window": [
              {
                "day": "SAT",
                "hour": 12,
                "type": "WEEKLY"
              }
            ],
            "name": "devops-77-postgresql-cluster",
            "network_id": "enpf9acrmvm7lteraqfu",
            "restore": [],
            "security_group_ids": [],
            "status": "RUNNING",
            "timeouts": null,
            "user": []
          },
          "sensitive_attributes": [],
          "private": "eyJlMmJmYjczMC1lY2FhLTExZTYtOGY4OC0zNDM2M2JjN2M0YzAiOnsiY3JlYXRlIjoxODAwMDAwMDAwMDAwLCJkZWxldGUiOjkwMDAwMDAwMDAwMCwidXBkYXRlIjozNjAwMDAwMDAwMDAwfX0=",
          "dependencies": [
            "data.yandex_vpc_network.default",
            "yandex_vpc_subnet.subnet-1"
          ]
        }
      ]
    },
    {
      "mode": "managed",
      "type": "yandex_mdb_postgresql_database",
      "name": "my_db",
      "provider": "provider[\"registry.terraform.io/yandex-cloud/yandex\"]",
      "instances": [
        {
          "schema_version": 0,
          "attributes": {
            "cluster_id": "c9qd6rrfc3ftgiq85fmq",
            "deletion_protection": "unspecified",
            "extension": [],
            "id": "c9qd6rrfc3ftgiq85fmq:db1",
            "lc_collate": "en_US.UTF-8",
            "lc_type": "en_US.UTF-8",
            "name": "db1",
            "owner": "kirillt",
            "template_db": "",
            "timeouts": null
          },
          "sensitive_attributes": [],
          "private": "eyJlMmJmYjczMC1lY2FhLTExZTYtOGY4OC0zNDM2M2JjN2M0YzAiOnsiY3JlYXRlIjo2MDAwMDAwMDAwMDAsImRlbGV0ZSI6NjAwMDAwMDAwMDAwLCJyZWFkIjo2MDAwMDAwMDAwMCwidXBkYXRlIjo2MDAwMDAwMDAwMDB9fQ==",
          "dependencies": [
            "data.yandex_vpc_network.default",
            "yandex_mdb_postgresql_cluster.devops-77-postgresql-cluster",
            "yandex_mdb_postgresql_user.kirillt",
            "yandex_vpc_subnet.subnet-1"
          ]
        }
      ]
    },
    {
      "mode": "managed",
      "type": "yandex_mdb_postgresql_user",
      "name": "kirillt",
      "provider": "provider[\"registry.terraform.io/yandex-cloud/yandex\"]",
      "instances": [
        {
          "schema_version": 0,
          "attributes": {
            "auth_method": "AUTH_METHOD_PASSWORD",
            "cluster_id": "c9qd6rrfc3ftgiq85fmq",
            "conn_limit": 50,
            "connection_manager": {
              "connection_id": "a59sumoffj63dh95ss34"
            },
            "deletion_protection": "unspecified",
            "generate_password": false,
            "grants": [],
            "id": "c9qd6rrfc3ftgiq85fmq:kirillt",
            "login": true,
            "name": "kirillt",
            "password": "ySG8EBd6g7Gd2Lk",
            "permission": [],
            "settings": {
              "default_transaction_isolation": "read committed",
              "log_min_duration_statement": "5000"
            },
            "timeouts": null
          },
          "sensitive_attributes": [
            [
              {
                "type": "get_attr",
                "value": "password"
              }
            ]
          ],
          "private": "eyJlMmJmYjczMC1lY2FhLTExZTYtOGY4OC0zNDM2M2JjN2M0YzAiOnsiY3JlYXRlIjo2MDAwMDAwMDAwMDAsImRlbGV0ZSI6NjAwMDAwMDAwMDAwLCJyZWFkIjo2MDAwMDAwMDAwMCwidXBkYXRlIjo2MDAwMDAwMDAwMDB9fQ==",
          "dependencies": [
            "data.yandex_vpc_network.default",
            "yandex_mdb_postgresql_cluster.devops-77-postgresql-cluster",
            "yandex_vpc_subnet.subnet-1"
          ]
        }
      ]
    },
    {
      "mode": "managed",
      "type": "yandex_vpc_address",
      "name": "devops-77-external-static-ip",
      "provider": "provider[\"registry.terraform.io/yandex-cloud/yandex\"]",
      "instances": [
        {
          "schema_version": 0,
          "attributes": {
            "created_at": "2025-12-18T12:19:49Z",
            "deletion_protection": false,
            "description": "",
            "dns_record": [],
            "external_ipv4_address": [
              {
                "address": "158.160.216.152",
                "ddos_protection_provider": "",
                "outgoing_smtp_capability": "",
                "zone_id": "ru-central1-d"
              }
            ],
            "folder_id": "b1gpb55fm3qonqkrhnjd",
            "id": "fl8iv8h6ct9r7od55rbm",
            "labels": {},
            "name": "devops-77-external-static-ip",
            "reserved": true,
            "timeouts": null,
            "used": true
          },
          "sensitive_attributes": [],
          "private": "eyJlMmJmYjczMC1lY2FhLTExZTYtOGY4OC0zNDM2M2JjN2M0YzAiOnsiY3JlYXRlIjozMDAwMDAwMDAwMCwiZGVsZXRlIjozMDAwMDAwMDAwMCwidXBkYXRlIjozMDAwMDAwMDAwMH19"
        }
      ]
    },
    {
      "mode": "managed",
      "type": "yandex_vpc_subnet",
      "name": "subnet-1",
      "provider": "provider[\"registry.terraform.io/yandex-cloud/yandex\"]",
      "instances": [
        {
          "schema_version": 0,
          "attributes": {
            "created_at": "2025-12-18T10:26:53Z",
            "description": "",
            "dhcp_options": [],
            "folder_id": "b1gpb55fm3qonqkrhnjd",
            "id": "fl8j4lon0gaceb6cs57t",
            "labels": {},
            "name": "vpc-subnet-1",
            "network_id": "enpf9acrmvm7lteraqfu",
            "route_table_id": "",
            "timeouts": null,
            "v4_cidr_blocks": [
              "10.0.0.0/24"
            ],
            "v6_cidr_blocks": [],
            "zone": "ru-central1-d"
          },
          "sensitive_attributes": [],
          "private": "eyJlMmJmYjczMC1lY2FhLTExZTYtOGY4OC0zNDM2M2JjN2M0YzAiOnsiY3JlYXRlIjoxODAwMDAwMDAwMDAsImRlbGV0ZSI6MTgwMDAwMDAwMDAwLCJ1cGRhdGUiOjE4MDAwMDAwMDAwMH19",
          "dependencies": [
            "data.yandex_vpc_network.default"
          ]
        }
      ]
    }
  ],
  "check_results": null
}
