{
  "version": 4,
  "terraform_version": "1.5.7",
  "serial": 192,
  "lineage": "65aa13cf-61a1-00de-d827-6b8538df5e29",
  "outputs": {},
  "resources": [
    {
      "mode": "data",
      "type": "yandex_vpc_network",
      "name": "default",
      "provider": "provider[\"registry.terraform.io/yandex-cloud/yandex\"]",
      "instances": [
        {
          "schema_version": 0,
          "attributes": {
            "created_at": "2025-12-16T21:39:00Z",
            "default_security_group_id": "enp0c2jb07lpkkh9d3lf",
            "description": "Auto-created network",
            "folder_id": "b1gpb55fm3qonqkrhnjd",
            "id": "enpf9acrmvm7lteraqfu",
            "labels": {},
            "name": "default",
            "network_id": "enpf9acrmvm7lteraqfu",
            "subnet_ids": [
              "e2lulhd7ilme1t8jcf70",
              "e9b9jrfqng1egor0qgja",
              "fl8j4lon0gaceb6cs57t",
              "fl8nh5hp9uludq4q60ht"
            ]
          },
          "sensitive_attributes": []
        }
      ]
    },
    {
      "mode": "managed",
      "type": "yandex_compute_instance",
      "name": "devops-77-vm-1",
      "provider": "provider[\"registry.terraform.io/yandex-cloud/yandex\"]",
      "instances": []
    },
    {
      "mode": "managed",
      "type": "yandex_compute_instance",
      "name": "devops-77-vm-2",
      "provider": "provider[\"registry.terraform.io/yandex-cloud/yandex\"]",
      "instances": []
    },
    {
      "mode": "managed",
      "type": "yandex_lb_network_load_balancer",
      "name": "devops-77-lb",
      "provider": "provider[\"registry.terraform.io/yandex-cloud/yandex\"]",
      "instances": []
    },
    {
      "mode": "managed",
      "type": "yandex_lb_target_group",
      "name": "devops-77-target-group",
      "provider": "provider[\"registry.terraform.io/yandex-cloud/yandex\"]",
      "instances": []
    },
    {
      "mode": "managed",
      "type": "yandex_mdb_postgresql_cluster",
      "name": "devops-77-postgresql-cluster",
      "provider": "provider[\"registry.terraform.io/yandex-cloud/yandex\"]",
      "instances": [
        {
          "schema_version": 0,
          "attributes": {
            "config": [
              {
                "access": [
                  {
                    "data_lens": false,
                    "data_transfer": false,
                    "serverless": false,
                    "web_sql": false
                  }
                ],
                "autofailover": true,
                "backup_retain_period_days": 7,
                "backup_window_start": [
                  {
                    "hours": 0,
                    "minutes": 0
                  }
                ],
                "disk_size_autoscaling": [
                  {
                    "disk_size_limit": 0,
                    "emergency_usage_threshold": 0,
                    "planned_usage_threshold": 0
                  }
                ],
                "performance_diagnostics": [
                  {
                    "enabled": false,
                    "sessions_sampling_interval": 60,
                    "statements_sampling_interval": 600
                  }
                ],
                "pooler_config": [],
                "postgresql_config": {
                  "autovacuum_vacuum_scale_factor": "0.34",
                  "enable_parallel_hash": "true",
                  "max_connections": "395",
                  "shared_preload_libraries": "SHARED_PRELOAD_LIBRARIES_UNSPECIFIED"
                },
                "resources": [
                  {
                    "disk_size": 16,
                    "disk_type_id": "network-ssd",
                    "resource_preset_id": "s2.micro"
                  }
                ],
                "version": "15"
              }
            ],
            "created_at": "2025-12-18T10:26:54Z",
            "database": [],
            "deletion_protection": false,
            "description": "",
            "disk_encryption_key_id": null,
            "environment": "PRESTABLE",
            "folder_id": "b1gpb55fm3qonqkrhnjd",
            "health": "ALIVE",
            "host": [
              {
                "assign_public_ip": false,
                "fqdn": "rc1d-ht7c2doa8a16ps7s.mdb.yandexcloud.net",
                "name": "",
                "priority": 0,
                "replication_source": "",
                "replication_source_name": "",
                "role": "MASTER",
                "subnet_id": "fl8j4lon0gaceb6cs57t",
                "zone": "ru-central1-d"
              }
            ],
            "host_group_ids": [],
            "host_master_name": "",
            "id": "c9qd6rrfc3ftgiq85fmq",
            "labels": {},
            "maintenance_window": [
              {
                "day": "SAT",
                "hour": 12,
                "type": "WEEKLY"
              }
            ],
            "name": "devops-77-postgresql-cluster",
            "network_id": "enpf9acrmvm7lteraqfu",
            "restore": [],
            "security_group_ids": [],
            "status": "RUNNING",
            "timeouts": null,
            "user": []
          },
          "sensitive_attributes": [],
          "private": "eyJlMmJmYjczMC1lY2FhLTExZTYtOGY4OC0zNDM2M2JjN2M0YzAiOnsiY3JlYXRlIjoxODAwMDAwMDAwMDAwLCJkZWxldGUiOjkwMDAwMDAwMDAwMCwidXBkYXRlIjozNjAwMDAwMDAwMDAwfX0=",
          "dependencies": [
            "data.yandex_vpc_network.default",
            "yandex_vpc_subnet.subnet-1"
          ]
        }
      ]
    },
    {
      "mode": "managed",
      "type": "yandex_mdb_postgresql_database",
      "name": "my_db",
      "provider": "provider[\"registry.terraform.io/yandex-cloud/yandex\"]",
      "instances": [
        {
          "schema_version": 0,
          "attributes": {
            "cluster_id": "c9qd6rrfc3ftgiq85fmq",
            "deletion_protection": "unspecified",
            "extension": [],
            "id": "c9qd6rrfc3ftgiq85fmq:db1",
            "lc_collate": "en_US.UTF-8",
            "lc_type": "en_US.UTF-8",
            "name": "db1",
            "owner": "kirillt",
            "template_db": "",
            "timeouts": null
          },
          "sensitive_attributes": [],
          "private": "eyJlMmJmYjczMC1lY2FhLTExZTYtOGY4OC0zNDM2M2JjN2M0YzAiOnsiY3JlYXRlIjo2MDAwMDAwMDAwMDAsImRlbGV0ZSI6NjAwMDAwMDAwMDAwLCJyZWFkIjo2MDAwMDAwMDAwMCwidXBkYXRlIjo2MDAwMDAwMDAwMDB9fQ==",
          "dependencies": [
            "data.yandex_vpc_network.default",
            "yandex_mdb_postgresql_cluster.devops-77-postgresql-cluster",
            "yandex_mdb_postgresql_user.kirillt",
            "yandex_vpc_subnet.subnet-1"
          ]
        }
      ]
    },
    {
      "mode": "managed",
      "type": "yandex_mdb_postgresql_user",
      "name": "kirillt",
      "provider": "provider[\"registry.terraform.io/yandex-cloud/yandex\"]",
      "instances": [
        {
          "schema_version": 0,
          "attributes": {
            "auth_method": "AUTH_METHOD_PASSWORD",
            "cluster_id": "c9qd6rrfc3ftgiq85fmq",
            "conn_limit": 50,
            "connection_manager": {
              "connection_id": "a59sumoffj63dh95ss34"
            },
            "deletion_protection": "unspecified",
            "generate_password": false,
            "grants": [],
            "id": "c9qd6rrfc3ftgiq85fmq:kirillt",
            "login": true,
            "name": "kirillt",
            "password": "ySG8EBd6g7Gd2Lk",
            "permission": [],
            "settings": {
              "default_transaction_isolation": "read committed",
              "log_min_duration_statement": "5000"
            },
            "timeouts": null
          },
          "sensitive_attributes": [
            [
              {
                "type": "get_attr",
                "value": "password"
              }
            ]
          ],
          "private": "eyJlMmJmYjczMC1lY2FhLTExZTYtOGY4OC0zNDM2M2JjN2M0YzAiOnsiY3JlYXRlIjo2MDAwMDAwMDAwMDAsImRlbGV0ZSI6NjAwMDAwMDAwMDAwLCJyZWFkIjo2MDAwMDAwMDAwMCwidXBkYXRlIjo2MDAwMDAwMDAwMDB9fQ==",
          "dependencies": [
            "data.yandex_vpc_network.default",
            "yandex_mdb_postgresql_cluster.devops-77-postgresql-cluster",
            "yandex_vpc_subnet.subnet-1"
          ]
        }
      ]
    },
    {
      "mode": "managed",
      "type": "yandex_vpc_subnet",
      "name": "subnet-1",
      "provider": "provider[\"registry.terraform.io/yandex-cloud/yandex\"]",
      "instances": [
        {
          "schema_version": 0,
          "attributes": {
            "created_at": "2025-12-18T10:26:53Z",
            "description": "",
            "dhcp_options": [],
            "folder_id": "b1gpb55fm3qonqkrhnjd",
            "id": "fl8j4lon0gaceb6cs57t",
            "labels": {},
            "name": "vpc-subnet-1",
            "network_id": "enpf9acrmvm7lteraqfu",
            "route_table_id": "",
            "timeouts": null,
            "v4_cidr_blocks": [
              "10.0.0.0/24"
            ],
            "v6_cidr_blocks": [],
            "zone": "ru-central1-d"
          },
          "sensitive_attributes": [],
          "private": "eyJlMmJmYjczMC1lY2FhLTExZTYtOGY4OC0zNDM2M2JjN2M0YzAiOnsiY3JlYXRlIjoxODAwMDAwMDAwMDAsImRlbGV0ZSI6MTgwMDAwMDAwMDAwLCJ1cGRhdGUiOjE4MDAwMDAwMDAwMH19",
          "dependencies": [
            "data.yandex_vpc_network.default"
          ]
        }
      ]
    }
  ],
  "check_results": null
}
