{
  "version": 4,
  "terraform_version": "1.5.7",
  "serial": 61,
  "lineage": "65aa13cf-61a1-00de-d827-6b8538df5e29",
  "outputs": {},
  "resources": [
    {
      "mode": "data",
      "type": "yandex_vpc_network",
      "name": "default",
      "provider": "provider[\"registry.terraform.io/yandex-cloud/yandex\"]",
      "instances": [
        {
          "schema_version": 0,
          "attributes": {
            "created_at": "2025-12-16T21:39:00Z",
            "default_security_group_id": "enp0c2jb07lpkkh9d3lf",
            "description": "Auto-created network",
            "folder_id": "b1gpb55fm3qonqkrhnjd",
            "id": "enpf9acrmvm7lteraqfu",
            "labels": {},
            "name": "default",
            "network_id": "enpf9acrmvm7lteraqfu",
            "subnet_ids": [
              "e2lulhd7ilme1t8jcf70",
              "e9b9jrfqng1egor0qgja",
              "fl8nh5hp9uludq4q60ht"
            ]
          },
          "sensitive_attributes": []
        }
      ]
    },
    {
      "mode": "managed",
      "type": "yandex_compute_disk",
      "name": "disk-vm-1",
      "provider": "provider[\"registry.terraform.io/yandex-cloud/yandex\"]",
      "instances": [
        {
          "schema_version": 0,
          "attributes": {
            "allow_recreate": null,
            "block_size": 4096,
            "created_at": "2025-12-16T22:50:25Z",
            "description": "",
            "disk_placement_policy": [
              {
                "disk_placement_group_id": ""
              }
            ],
            "folder_id": "b1gpb55fm3qonqkrhnjd",
            "hardware_generation": [
              {
                "generation2_features": [],
                "legacy_features": [
                  {
                    "pci_topology": "PCI_TOPOLOGY_V1"
                  }
                ]
              }
            ],
            "id": "fv4phnahmgp2a4gkks8t",
            "image_id": "fd8kqcscn6ajs0if522o",
            "kms_key_id": null,
            "labels": null,
            "name": "devops-77-disk-1",
            "product_ids": [
              "f2eg71m1jo31b7r2cpsr"
            ],
            "size": 4,
            "snapshot_id": "",
            "status": "ready",
            "timeouts": null,
            "type": "network-ssd",
            "zone": "ru-central1-d"
          },
          "sensitive_attributes": [],
          "private": "eyJlMmJmYjczMC1lY2FhLTExZTYtOGY4OC0zNDM2M2JjN2M0YzAiOnsiY3JlYXRlIjozMDAwMDAwMDAwMDAsImRlbGV0ZSI6MzAwMDAwMDAwMDAwLCJ1cGRhdGUiOjMwMDAwMDAwMDAwMH19"
        }
      ]
    },
    {
      "mode": "managed",
      "type": "yandex_compute_disk",
      "name": "disk-vm-2",
      "provider": "provider[\"registry.terraform.io/yandex-cloud/yandex\"]",
      "instances": [
        {
          "schema_version": 0,
          "attributes": {
            "allow_recreate": null,
            "block_size": 4096,
            "created_at": "2025-12-16T22:50:25Z",
            "description": "",
            "disk_placement_policy": [
              {
                "disk_placement_group_id": ""
              }
            ],
            "folder_id": "b1gpb55fm3qonqkrhnjd",
            "hardware_generation": [
              {
                "generation2_features": [],
                "legacy_features": [
                  {
                    "pci_topology": "PCI_TOPOLOGY_V1"
                  }
                ]
              }
            ],
            "id": "fv4j6e26qt3dv2s5b4dv",
            "image_id": "fd8kqcscn6ajs0if522o",
            "kms_key_id": null,
            "labels": null,
            "name": "devops-77-disk-2",
            "product_ids": [
              "f2eg71m1jo31b7r2cpsr"
            ],
            "size": 4,
            "snapshot_id": "",
            "status": "ready",
            "timeouts": null,
            "type": "network-ssd",
            "zone": "ru-central1-d"
          },
          "sensitive_attributes": [],
          "private": "eyJlMmJmYjczMC1lY2FhLTExZTYtOGY4OC0zNDM2M2JjN2M0YzAiOnsiY3JlYXRlIjozMDAwMDAwMDAwMDAsImRlbGV0ZSI6MzAwMDAwMDAwMDAwLCJ1cGRhdGUiOjMwMDAwMDAwMDAwMH19"
        }
      ]
    },
    {
      "mode": "managed",
      "type": "yandex_compute_instance",
      "name": "devops-77-vm-1",
      "provider": "provider[\"registry.terraform.io/yandex-cloud/yandex\"]",
      "instances": [
        {
          "schema_version": 1,
          "attributes": {
            "allow_recreate": null,
            "allow_stopping_for_update": null,
            "boot_disk": [
              {
                "auto_delete": true,
                "device_name": "fv4phnahmgp2a4gkks8t",
                "disk_id": "fv4phnahmgp2a4gkks8t",
                "initialize_params": [
                  {
                    "block_size": 4096,
                    "description": "",
                    "image_id": "fd8kqcscn6ajs0if522o",
                    "kms_key_id": "",
                    "name": "devops-77-disk-1",
                    "size": 4,
                    "snapshot_id": "",
                    "type": "network-ssd"
                  }
                ],
                "mode": "READ_WRITE"
              }
            ],
            "created_at": "2025-12-16T22:50:32Z",
            "description": "",
            "filesystem": [],
            "folder_id": "b1gpb55fm3qonqkrhnjd",
            "fqdn": "fv49948o7fafsc1l7hlk.auto.internal",
            "gpu_cluster_id": "",
            "hardware_generation": [
              {
                "generation2_features": [],
                "legacy_features": [
                  {
                    "pci_topology": "PCI_TOPOLOGY_V1"
                  }
                ]
              }
            ],
            "hostname": "",
            "id": "fv49948o7fafsc1l7hlk",
            "labels": null,
            "local_disk": [],
            "maintenance_grace_period": "",
            "maintenance_policy": null,
            "metadata": null,
            "metadata_options": [
              {
                "aws_v1_http_endpoint": 1,
                "aws_v1_http_token": 2,
                "gce_http_endpoint": 1,
                "gce_http_token": 1
              }
            ],
            "name": "devops-77-vm-1",
            "network_acceleration_type": "standard",
            "network_interface": [
              {
                "dns_record": [],
                "index": 0,
                "ip_address": "10.0.0.9",
                "ipv4": true,
                "ipv6": false,
                "ipv6_address": "",
                "ipv6_dns_record": [],
                "mac_address": "d0:0d:94:91:18:3b",
                "nat": true,
                "nat_dns_record": [],
                "nat_ip_address": "158.160.203.78",
                "nat_ip_version": "IPV4",
                "security_group_ids": null,
                "subnet_id": "fl8mais70meq06jspf64"
              }
            ],
            "placement_policy": [
              {
                "host_affinity_rules": [],
                "placement_group_id": "",
                "placement_group_partition": 0
              }
            ],
            "platform_id": "standard-v3",
            "resources": [
              {
                "core_fraction": 100,
                "cores": 2,
                "gpus": 0,
                "memory": 2
              }
            ],
            "scheduling_policy": [
              {
                "preemptible": false
              }
            ],
            "secondary_disk": [],
            "service_account_id": "",
            "status": "running",
            "timeouts": null,
            "zone": "ru-central1-d"
          },
          "sensitive_attributes": [],
          "private": "eyJlMmJmYjczMC1lY2FhLTExZTYtOGY4OC0zNDM2M2JjN2M0YzAiOnsiY3JlYXRlIjozMDAwMDAwMDAwMDAsImRlbGV0ZSI6MzAwMDAwMDAwMDAwLCJ1cGRhdGUiOjMwMDAwMDAwMDAwMH0sInNjaGVtYV92ZXJzaW9uIjoiMSJ9",
          "dependencies": [
            "data.yandex_vpc_network.default",
            "yandex_compute_disk.disk-vm-1",
            "yandex_vpc_subnet.subnet-1"
          ]
        }
      ]
    },
    {
      "mode": "managed",
      "type": "yandex_compute_instance",
      "name": "devops-77-vm-2",
      "provider": "provider[\"registry.terraform.io/yandex-cloud/yandex\"]",
      "instances": [
        {
          "schema_version": 1,
          "attributes": {
            "allow_recreate": null,
            "allow_stopping_for_update": null,
            "boot_disk": [
              {
                "auto_delete": true,
                "device_name": "fv4j6e26qt3dv2s5b4dv",
                "disk_id": "fv4j6e26qt3dv2s5b4dv",
                "initialize_params": [
                  {
                    "block_size": 4096,
                    "description": "",
                    "image_id": "fd8kqcscn6ajs0if522o",
                    "kms_key_id": "",
                    "name": "devops-77-disk-2",
                    "size": 4,
                    "snapshot_id": "",
                    "type": "network-ssd"
                  }
                ],
                "mode": "READ_WRITE"
              }
            ],
            "created_at": "2025-12-16T22:50:36Z",
            "description": "",
            "filesystem": [],
            "folder_id": "b1gpb55fm3qonqkrhnjd",
            "fqdn": "fv43vl06lor08v71ofcp.auto.internal",
            "gpu_cluster_id": "",
            "hardware_generation": [
              {
                "generation2_features": [],
                "legacy_features": [
                  {
                    "pci_topology": "PCI_TOPOLOGY_V1"
                  }
                ]
              }
            ],
            "hostname": "",
            "id": "fv43vl06lor08v71ofcp",
            "labels": null,
            "local_disk": [],
            "maintenance_grace_period": "",
            "maintenance_policy": null,
            "metadata": null,
            "metadata_options": [
              {
                "aws_v1_http_endpoint": 1,
                "aws_v1_http_token": 2,
                "gce_http_endpoint": 1,
                "gce_http_token": 1
              }
            ],
            "name": "devops-77-vm-2",
            "network_acceleration_type": "standard",
            "network_interface": [
              {
                "dns_record": [],
                "index": 0,
                "ip_address": "10.0.0.31",
                "ipv4": true,
                "ipv6": false,
                "ipv6_address": "",
                "ipv6_dns_record": [],
                "mac_address": "d0:0d:3f:d4:06:ae",
                "nat": true,
                "nat_dns_record": [],
                "nat_ip_address": "158.160.138.8",
                "nat_ip_version": "IPV4",
                "security_group_ids": null,
                "subnet_id": "fl8mais70meq06jspf64"
              }
            ],
            "placement_policy": [
              {
                "host_affinity_rules": [],
                "placement_group_id": "",
                "placement_group_partition": 0
              }
            ],
            "platform_id": "standard-v3",
            "resources": [
              {
                "core_fraction": 100,
                "cores": 2,
                "gpus": 0,
                "memory": 2
              }
            ],
            "scheduling_policy": [
              {
                "preemptible": false
              }
            ],
            "secondary_disk": [],
            "service_account_id": "",
            "status": "running",
            "timeouts": null,
            "zone": "ru-central1-d"
          },
          "sensitive_attributes": [],
          "private": "eyJlMmJmYjczMC1lY2FhLTExZTYtOGY4OC0zNDM2M2JjN2M0YzAiOnsiY3JlYXRlIjozMDAwMDAwMDAwMDAsImRlbGV0ZSI6MzAwMDAwMDAwMDAwLCJ1cGRhdGUiOjMwMDAwMDAwMDAwMH0sInNjaGVtYV92ZXJzaW9uIjoiMSJ9",
          "dependencies": [
            "data.yandex_vpc_network.default",
            "yandex_compute_disk.disk-vm-2",
            "yandex_vpc_subnet.subnet-1"
          ]
        }
      ]
    },
    {
      "mode": "managed",
      "type": "yandex_lb_network_load_balancer",
      "name": "devops-77-lb",
      "provider": "provider[\"registry.terraform.io/yandex-cloud/yandex\"]",
      "instances": [
        {
          "schema_version": 0,
          "attributes": {
            "allow_zonal_shift": false,
            "attached_target_group": [
              {
                "healthcheck": [
                  {
                    "healthy_threshold": 2,
                    "http_options": [
                      {
                        "path": "/",
                        "port": 8080
                      }
                    ],
                    "interval": 2,
                    "name": "devops-77-target-group-healthcheck",
                    "tcp_options": [],
                    "timeout": 1,
                    "unhealthy_threshold": 2
                  }
                ],
                "target_group_id": "enpgqh5u27tsea5uilul"
              }
            ],
            "created_at": "2025-12-16T22:51:07Z",
            "deletion_protection": false,
            "description": "",
            "folder_id": "b1gpb55fm3qonqkrhnjd",
            "id": "enph63ebcvdk5b7p7jic",
            "labels": null,
            "listener": [
              {
                "external_address_spec": [
                  {
                    "address": "158.160.171.15",
                    "ip_version": "ipv4"
                  }
                ],
                "internal_address_spec": [],
                "name": "http-listener",
                "port": 80,
                "protocol": "tcp",
                "target_port": 8080
              },
              {
                "external_address_spec": [
                  {
                    "address": "158.160.171.15",
                    "ip_version": "ipv4"
                  }
                ],
                "internal_address_spec": [],
                "name": "https-listener",
                "port": 443,
                "protocol": "tcp",
                "target_port": 443
              }
            ],
            "name": "devops-77-lb",
            "region_id": "ru-central1",
            "timeouts": null,
            "type": "external"
          },
          "sensitive_attributes": [],
          "private": "eyJlMmJmYjczMC1lY2FhLTExZTYtOGY4OC0zNDM2M2JjN2M0YzAiOnsiY3JlYXRlIjozMDAwMDAwMDAwMDAsImRlbGV0ZSI6MzAwMDAwMDAwMDAwLCJ1cGRhdGUiOjMwMDAwMDAwMDAwMH19",
          "dependencies": [
            "data.yandex_vpc_network.default",
            "yandex_compute_disk.disk-vm-1",
            "yandex_compute_disk.disk-vm-2",
            "yandex_compute_instance.devops-77-vm-1",
            "yandex_compute_instance.devops-77-vm-2",
            "yandex_lb_target_group.devops-77-target-group",
            "yandex_vpc_subnet.subnet-1"
          ]
        }
      ]
    },
    {
      "mode": "managed",
      "type": "yandex_lb_target_group",
      "name": "devops-77-target-group",
      "provider": "provider[\"registry.terraform.io/yandex-cloud/yandex\"]",
      "instances": [
        {
          "schema_version": 1,
          "attributes": {
            "created_at": "2025-12-16T22:51:06Z",
            "description": "",
            "folder_id": "b1gpb55fm3qonqkrhnjd",
            "id": "enpgqh5u27tsea5uilul",
            "labels": null,
            "name": "devops-77-target-group",
            "region_id": "ru-central1",
            "target": [
              {
                "address": "10.0.0.31",
                "subnet_id": "fl8mais70meq06jspf64"
              },
              {
                "address": "10.0.0.9",
                "subnet_id": "fl8mais70meq06jspf64"
              }
            ],
            "target_group_id": "enpgqh5u27tsea5uilul",
            "timeouts": null
          },
          "sensitive_attributes": [],
          "dependencies": [
            "data.yandex_vpc_network.default",
            "yandex_compute_disk.disk-vm-1",
            "yandex_compute_disk.disk-vm-2",
            "yandex_compute_instance.devops-77-vm-1",
            "yandex_compute_instance.devops-77-vm-2",
            "yandex_vpc_subnet.subnet-1"
          ]
        }
      ]
    },
    {
      "mode": "managed",
      "type": "yandex_mdb_postgresql_cluster",
      "name": "devops-77-postgresql-cluster",
      "provider": "provider[\"registry.terraform.io/yandex-cloud/yandex\"]",
      "instances": [
        {
          "schema_version": 0,
          "attributes": {
            "config": [
              {
                "access": [
                  {
                    "data_lens": false,
                    "data_transfer": false,
                    "serverless": false,
                    "web_sql": false
                  }
                ],
                "autofailover": true,
                "backup_retain_period_days": 7,
                "backup_window_start": [
                  {
                    "hours": 0,
                    "minutes": 0
                  }
                ],
                "disk_size_autoscaling": [
                  {
                    "disk_size_limit": 0,
                    "emergency_usage_threshold": 0,
                    "planned_usage_threshold": 0
                  }
                ],
                "performance_diagnostics": [
                  {
                    "enabled": false,
                    "sessions_sampling_interval": 60,
                    "statements_sampling_interval": 600
                  }
                ],
                "pooler_config": [],
                "postgresql_config": {
                  "autovacuum_vacuum_scale_factor": "0.34",
                  "enable_parallel_hash": "true",
                  "max_connections": "395",
                  "shared_preload_libraries": "SHARED_PRELOAD_LIBRARIES_UNSPECIFIED"
                },
                "resources": [
                  {
                    "disk_size": 16,
                    "disk_type_id": "network-ssd",
                    "resource_preset_id": "s2.micro"
                  }
                ],
                "version": "15"
              }
            ],
            "created_at": "2025-12-16T22:50:26Z",
            "database": [],
            "deletion_protection": false,
            "description": "",
            "disk_encryption_key_id": null,
            "environment": "PRESTABLE",
            "folder_id": "b1gpb55fm3qonqkrhnjd",
            "health": "HEALTH_UNKNOWN",
            "host": [
              {
                "assign_public_ip": false,
                "fqdn": "rc1d-n2url5442uv7s8in.mdb.yandexcloud.net",
                "name": "",
                "priority": 0,
                "replication_source": "",
                "replication_source_name": "",
                "role": "MASTER",
                "subnet_id": "fl8mais70meq06jspf64",
                "zone": "ru-central1-d"
              }
            ],
            "host_group_ids": [],
            "host_master_name": "",
            "id": "c9qbphljs2n3719egl5e",
            "labels": {},
            "maintenance_window": [
              {
                "day": "SAT",
                "hour": 12,
                "type": "WEEKLY"
              }
            ],
            "name": "devops-77-postgresql-cluster",
            "network_id": "enpf9acrmvm7lteraqfu",
            "restore": [],
            "security_group_ids": [],
            "status": "RUNNING",
            "timeouts": null,
            "user": []
          },
          "sensitive_attributes": [],
          "private": "eyJlMmJmYjczMC1lY2FhLTExZTYtOGY4OC0zNDM2M2JjN2M0YzAiOnsiY3JlYXRlIjoxODAwMDAwMDAwMDAwLCJkZWxldGUiOjkwMDAwMDAwMDAwMCwidXBkYXRlIjozNjAwMDAwMDAwMDAwfX0=",
          "dependencies": [
            "data.yandex_vpc_network.default",
            "yandex_vpc_subnet.subnet-1"
          ]
        }
      ]
    },
    {
      "mode": "managed",
      "type": "yandex_vpc_subnet",
      "name": "subnet-1",
      "provider": "provider[\"registry.terraform.io/yandex-cloud/yandex\"]",
      "instances": [
        {
          "schema_version": 0,
          "attributes": {
            "created_at": "2025-12-16T22:50:25Z",
            "description": "",
            "dhcp_options": [],
            "folder_id": "b1gpb55fm3qonqkrhnjd",
            "id": "fl8mais70meq06jspf64",
            "labels": {},
            "name": "vpc-subnet-1",
            "network_id": "enpf9acrmvm7lteraqfu",
            "route_table_id": "",
            "timeouts": null,
            "v4_cidr_blocks": [
              "10.0.0.0/24"
            ],
            "v6_cidr_blocks": [],
            "zone": "ru-central1-d"
          },
          "sensitive_attributes": [],
          "private": "eyJlMmJmYjczMC1lY2FhLTExZTYtOGY4OC0zNDM2M2JjN2M0YzAiOnsiY3JlYXRlIjoxODAwMDAwMDAwMDAsImRlbGV0ZSI6MTgwMDAwMDAwMDAwLCJ1cGRhdGUiOjE4MDAwMDAwMDAwMH19",
          "dependencies": [
            "data.yandex_vpc_network.default"
          ]
        }
      ]
    }
  ],
  "check_results": null
}
